// !$*UTF8*$!
{
	archiveVersion = 1;
	classes = {
	};
	objectVersion = 51;
	objects = {

/* Begin PBXBuildFile section */
		EC23390225B9FBF600B001E4 /* ListEventManager.swift in Sources */ = {isa = PBXBuildFile; fileRef = EC23390125B9FBF600B001E4 /* ListEventManager.swift */; };
		EC23390525B9FCAB00B001E4 /* LogoutListener.swift in Sources */ = {isa = PBXBuildFile; fileRef = EC23390425B9FCAB00B001E4 /* LogoutListener.swift */; };
		EC23390C25B9FCE900B001E4 /* EventListener.swift in Sources */ = {isa = PBXBuildFile; fileRef = EC23390B25B9FCE900B001E4 /* EventListener.swift */; };
		EC23391025B9FD0600B001E4 /* Listener.swift in Sources */ = {isa = PBXBuildFile; fileRef = EC23390F25B9FD0600B001E4 /* Listener.swift */; };
		EC2A1A1925B0AD4E00A51136 /* DataStructures.swift in Sources */ = {isa = PBXBuildFile; fileRef = EC2A1A1825B0AD4E00A51136 /* DataStructures.swift */; };
		EC39F9CB25C08AEF006B0304 /* My_First_AppTests.swift in Sources */ = {isa = PBXBuildFile; fileRef = EC39F9CA25C08AEF006B0304 /* My_First_AppTests.swift */; };
		EC3B05CD254F3D8A00B49CFF /* AppDelegate.swift in Sources */ = {isa = PBXBuildFile; fileRef = EC3B05CC254F3D8A00B49CFF /* AppDelegate.swift */; };
		EC3B05CF254F3D8A00B49CFF /* SceneDelegate.swift in Sources */ = {isa = PBXBuildFile; fileRef = EC3B05CE254F3D8A00B49CFF /* SceneDelegate.swift */; };
		EC3B05D1254F3D8A00B49CFF /* Login.swift in Sources */ = {isa = PBXBuildFile; fileRef = EC3B05D0254F3D8A00B49CFF /* Login.swift */; };
		EC3B05D4254F3D8A00B49CFF /* Main.storyboard in Resources */ = {isa = PBXBuildFile; fileRef = EC3B05D2254F3D8A00B49CFF /* Main.storyboard */; };
		EC3B05D6254F3D8B00B49CFF /* Assets.xcassets in Resources */ = {isa = PBXBuildFile; fileRef = EC3B05D5254F3D8B00B49CFF /* Assets.xcassets */; };
		EC3B05D9254F3D8B00B49CFF /* LaunchScreen.storyboard in Resources */ = {isa = PBXBuildFile; fileRef = EC3B05D7254F3D8B00B49CFF /* LaunchScreen.storyboard */; };
		EC4790572558B238001C7AA5 /* CasesDetails.swift in Sources */ = {isa = PBXBuildFile; fileRef = EC4790562558B238001C7AA5 /* CasesDetails.swift */; };
		EC47905C2558C311001C7AA5 /* NewsCell.swift in Sources */ = {isa = PBXBuildFile; fileRef = EC47905B2558C311001C7AA5 /* NewsCell.swift */; };
		EC55113A257FC10F0097772D /* Localizable.strings in Resources */ = {isa = PBXBuildFile; fileRef = EC551139257FC10F0097772D /* Localizable.strings */; };
		EC7C3FFD25B7391000150FDF /* Dependencies.swift in Sources */ = {isa = PBXBuildFile; fileRef = EC7C3FFC25B7391000150FDF /* Dependencies.swift */; };
		EC7C400525B74D9B00150FDF /* DayDesign.swift in Sources */ = {isa = PBXBuildFile; fileRef = EC7C400425B74D9B00150FDF /* DayDesign.swift */; };
		EC7C400825B74DAC00150FDF /* NightDesign.swift in Sources */ = {isa = PBXBuildFile; fileRef = EC7C400725B74DAC00150FDF /* NightDesign.swift */; };
		EC7C400C25B74F0500150FDF /* ApplicationStyle.swift in Sources */ = {isa = PBXBuildFile; fileRef = EC7C400B25B74F0500150FDF /* ApplicationStyle.swift */; };
		EC9309AF2550A28000AAA2E4 /* TabBar.swift in Sources */ = {isa = PBXBuildFile; fileRef = EC9309AE2550A28000AAA2E4 /* TabBar.swift */; };
		EC9309B32550ACF100AAA2E4 /* NewsViewController.swift in Sources */ = {isa = PBXBuildFile; fileRef = EC9309B22550ACF100AAA2E4 /* NewsViewController.swift */; };
		EC9309B62550AD0400AAA2E4 /* CasesViewController.swift in Sources */ = {isa = PBXBuildFile; fileRef = EC9309B52550AD0400AAA2E4 /* CasesViewController.swift */; };
		EC9309BA2550AD1600AAA2E4 /* ProfileViewController.swift in Sources */ = {isa = PBXBuildFile; fileRef = EC9309B92550AD1600AAA2E4 /* ProfileViewController.swift */; };
		ECC9548D25AE0A58006061F1 /* LoginFieldsValidator.swift in Sources */ = {isa = PBXBuildFile; fileRef = ECC9548C25AE0A58006061F1 /* LoginFieldsValidator.swift */; };
		ECD64B6C2588ED3D000EDD31 /* FetchedContacts.swift in Sources */ = {isa = PBXBuildFile; fileRef = ECD64B6B2588ED3D000EDD31 /* FetchedContacts.swift */; };
/* End PBXBuildFile section */

/* Begin PBXContainerItemProxy section */
		EC39F9CD25C08AEF006B0304 /* PBXContainerItemProxy */ = {
			isa = PBXContainerItemProxy;
			containerPortal = EC3B05C1254F3D8A00B49CFF /* Project object */;
			proxyType = 1;
			remoteGlobalIDString = EC3B05C8254F3D8A00B49CFF;
			remoteInfo = "My First App";
		};
/* End PBXContainerItemProxy section */

/* Begin PBXFileReference section */
		C36FCC8CF389BBDE71E96974 /* Pods-My First App.release.xcconfig */ = {isa = PBXFileReference; includeInIndex = 1; lastKnownFileType = text.xcconfig; name = "Pods-My First App.release.xcconfig"; path = "Target Support Files/Pods-My First App/Pods-My First App.release.xcconfig"; sourceTree = "<group>"; };
		EB2C94F919226480DAF903B5 /* Pods-My First App.debug.xcconfig */ = {isa = PBXFileReference; includeInIndex = 1; lastKnownFileType = text.xcconfig; name = "Pods-My First App.debug.xcconfig"; path = "Target Support Files/Pods-My First App/Pods-My First App.debug.xcconfig"; sourceTree = "<group>"; };
		EC23390125B9FBF600B001E4 /* ListEventManager.swift */ = {isa = PBXFileReference; lastKnownFileType = sourcecode.swift; path = ListEventManager.swift; sourceTree = "<group>"; };
		EC23390425B9FCAB00B001E4 /* LogoutListener.swift */ = {isa = PBXFileReference; lastKnownFileType = sourcecode.swift; path = LogoutListener.swift; sourceTree = "<group>"; };
		EC23390B25B9FCE900B001E4 /* EventListener.swift */ = {isa = PBXFileReference; lastKnownFileType = sourcecode.swift; path = EventListener.swift; sourceTree = "<group>"; };
		EC23390F25B9FD0600B001E4 /* Listener.swift */ = {isa = PBXFileReference; lastKnownFileType = sourcecode.swift; path = Listener.swift; sourceTree = "<group>"; };
		EC2A1A1825B0AD4E00A51136 /* DataStructures.swift */ = {isa = PBXFileReference; lastKnownFileType = sourcecode.swift; path = DataStructures.swift; sourceTree = "<group>"; };
		EC39F9C825C08AEF006B0304 /* My First AppTests.xctest */ = {isa = PBXFileReference; explicitFileType = wrapper.cfbundle; includeInIndex = 0; path = "My First AppTests.xctest"; sourceTree = BUILT_PRODUCTS_DIR; };
		EC39F9CA25C08AEF006B0304 /* My_First_AppTests.swift */ = {isa = PBXFileReference; lastKnownFileType = sourcecode.swift; path = My_First_AppTests.swift; sourceTree = "<group>"; };
		EC39F9CC25C08AEF006B0304 /* Info.plist */ = {isa = PBXFileReference; lastKnownFileType = text.plist.xml; path = Info.plist; sourceTree = "<group>"; };
		EC3B05C9254F3D8A00B49CFF /* My First App.app */ = {isa = PBXFileReference; explicitFileType = wrapper.application; includeInIndex = 0; path = "My First App.app"; sourceTree = BUILT_PRODUCTS_DIR; };
		EC3B05CC254F3D8A00B49CFF /* AppDelegate.swift */ = {isa = PBXFileReference; lastKnownFileType = sourcecode.swift; path = AppDelegate.swift; sourceTree = "<group>"; };
		EC3B05CE254F3D8A00B49CFF /* SceneDelegate.swift */ = {isa = PBXFileReference; lastKnownFileType = sourcecode.swift; path = SceneDelegate.swift; sourceTree = "<group>"; };
		EC3B05D0254F3D8A00B49CFF /* Login.swift */ = {isa = PBXFileReference; lastKnownFileType = sourcecode.swift; path = Login.swift; sourceTree = "<group>"; };
		EC3B05D3254F3D8A00B49CFF /* Base */ = {isa = PBXFileReference; lastKnownFileType = file.storyboard; name = Base; path = Base.lproj/Main.storyboard; sourceTree = "<group>"; };
		EC3B05D5254F3D8B00B49CFF /* Assets.xcassets */ = {isa = PBXFileReference; lastKnownFileType = folder.assetcatalog; path = Assets.xcassets; sourceTree = "<group>"; };
		EC3B05D8254F3D8B00B49CFF /* Base */ = {isa = PBXFileReference; lastKnownFileType = file.storyboard; name = Base; path = Base.lproj/LaunchScreen.storyboard; sourceTree = "<group>"; };
		EC3B05DA254F3D8B00B49CFF /* Info.plist */ = {isa = PBXFileReference; lastKnownFileType = text.plist.xml; path = Info.plist; sourceTree = "<group>"; };
		EC4790562558B238001C7AA5 /* CasesDetails.swift */ = {isa = PBXFileReference; lastKnownFileType = sourcecode.swift; path = CasesDetails.swift; sourceTree = "<group>"; };
		EC47905B2558C311001C7AA5 /* NewsCell.swift */ = {isa = PBXFileReference; lastKnownFileType = sourcecode.swift; path = NewsCell.swift; sourceTree = "<group>"; };
		EC551139257FC10F0097772D /* Localizable.strings */ = {isa = PBXFileReference; lastKnownFileType = text.plist.strings; path = Localizable.strings; sourceTree = "<group>"; };
		EC55113D257FC68C0097772D /* es */ = {isa = PBXFileReference; lastKnownFileType = text.plist.strings; name = es; path = es.lproj/Main.strings; sourceTree = "<group>"; };
		EC55113E257FC68C0097772D /* es */ = {isa = PBXFileReference; lastKnownFileType = text.plist.strings; name = es; path = es.lproj/LaunchScreen.strings; sourceTree = "<group>"; };
		EC7C3FFC25B7391000150FDF /* Dependencies.swift */ = {isa = PBXFileReference; lastKnownFileType = sourcecode.swift; path = Dependencies.swift; sourceTree = "<group>"; };
		EC7C400425B74D9B00150FDF /* DayDesign.swift */ = {isa = PBXFileReference; lastKnownFileType = sourcecode.swift; path = DayDesign.swift; sourceTree = "<group>"; };
		EC7C400725B74DAC00150FDF /* NightDesign.swift */ = {isa = PBXFileReference; lastKnownFileType = sourcecode.swift; path = NightDesign.swift; sourceTree = "<group>"; };
		EC7C400B25B74F0500150FDF /* ApplicationStyle.swift */ = {isa = PBXFileReference; lastKnownFileType = sourcecode.swift; path = ApplicationStyle.swift; sourceTree = "<group>"; };
		EC9309AE2550A28000AAA2E4 /* TabBar.swift */ = {isa = PBXFileReference; lastKnownFileType = sourcecode.swift; path = TabBar.swift; sourceTree = "<group>"; };
		EC9309B22550ACF100AAA2E4 /* NewsViewController.swift */ = {isa = PBXFileReference; lastKnownFileType = sourcecode.swift; path = NewsViewController.swift; sourceTree = "<group>"; };
		EC9309B52550AD0400AAA2E4 /* CasesViewController.swift */ = {isa = PBXFileReference; lastKnownFileType = sourcecode.swift; path = CasesViewController.swift; sourceTree = "<group>"; };
		EC9309B92550AD1600AAA2E4 /* ProfileViewController.swift */ = {isa = PBXFileReference; lastKnownFileType = sourcecode.swift; path = ProfileViewController.swift; sourceTree = "<group>"; };
		ECC9548C25AE0A58006061F1 /* LoginFieldsValidator.swift */ = {isa = PBXFileReference; lastKnownFileType = sourcecode.swift; path = LoginFieldsValidator.swift; sourceTree = "<group>"; };
		ECD64B6B2588ED3D000EDD31 /* FetchedContacts.swift */ = {isa = PBXFileReference; lastKnownFileType = sourcecode.swift; path = FetchedContacts.swift; sourceTree = "<group>"; };
/* End PBXFileReference section */

/* Begin PBXFrameworksBuildPhase section */
		EC39F9C525C08AEF006B0304 /* Frameworks */ = {
			isa = PBXFrameworksBuildPhase;
			buildActionMask = 2147483647;
			files = (
			);
			runOnlyForDeploymentPostprocessing = 0;
		};
		EC3B05C6254F3D8A00B49CFF /* Frameworks */ = {
			isa = PBXFrameworksBuildPhase;
			buildActionMask = 2147483647;
			files = (
			);
			runOnlyForDeploymentPostprocessing = 0;
		};
/* End PBXFrameworksBuildPhase section */

/* Begin PBXGroup section */
		4CC9FED22C97B3ABC72768B0 /* Pods */ = {
			isa = PBXGroup;
			children = (
				EB2C94F919226480DAF903B5 /* Pods-My First App.debug.xcconfig */,
				C36FCC8CF389BBDE71E96974 /* Pods-My First App.release.xcconfig */,
			);
			path = Pods;
			sourceTree = "<group>";
		};
		D99409A1059BF0D958CCED3C /* Frameworks */ = {
			isa = PBXGroup;
			children = (
			);
			name = Frameworks;
			sourceTree = "<group>";
		};
		EC23390025B9FBDA00B001E4 /* EventListeners */ = {
			isa = PBXGroup;
			children = (
				EC23390125B9FBF600B001E4 /* ListEventManager.swift */,
				EC23390425B9FCAB00B001E4 /* LogoutListener.swift */,
			);
			path = EventListeners;
			sourceTree = "<group>";
		};
		EC39F9C925C08AEF006B0304 /* My First AppTests */ = {
			isa = PBXGroup;
			children = (
				EC39F9CA25C08AEF006B0304 /* My_First_AppTests.swift */,
				EC39F9CC25C08AEF006B0304 /* Info.plist */,
			);
			path = "My First AppTests";
			sourceTree = "<group>";
		};
		EC3B05C0254F3D8A00B49CFF = {
			isa = PBXGroup;
			children = (
				EC23390025B9FBDA00B001E4 /* EventListeners */,
				EC7C400A25B74EF300150FDF /* Protocols */,
				EC7C400025B74D1800150FDF /* ApplicationDesign */,
				EC7C3FFB25B738D700150FDF /* Login */,
				EC3B05CB254F3D8A00B49CFF /* My First App */,
				EC39F9C925C08AEF006B0304 /* My First AppTests */,
				EC3B05CA254F3D8A00B49CFF /* Products */,
				4CC9FED22C97B3ABC72768B0 /* Pods */,
				D99409A1059BF0D958CCED3C /* Frameworks */,
			);
			sourceTree = "<group>";
		};
		EC3B05CA254F3D8A00B49CFF /* Products */ = {
			isa = PBXGroup;
			children = (
				EC3B05C9254F3D8A00B49CFF /* My First App.app */,
				EC39F9C825C08AEF006B0304 /* My First AppTests.xctest */,
			);
			name = Products;
			sourceTree = "<group>";
		};
		EC3B05CB254F3D8A00B49CFF /* My First App */ = {
			isa = PBXGroup;
			children = (
				EC3B05CC254F3D8A00B49CFF /* AppDelegate.swift */,
				EC3B05CE254F3D8A00B49CFF /* SceneDelegate.swift */,
				EC9309AE2550A28000AAA2E4 /* TabBar.swift */,
				EC9309B22550ACF100AAA2E4 /* NewsViewController.swift */,
				EC47905B2558C311001C7AA5 /* NewsCell.swift */,
				EC9309B52550AD0400AAA2E4 /* CasesViewController.swift */,
				EC4790562558B238001C7AA5 /* CasesDetails.swift */,
				EC9309B92550AD1600AAA2E4 /* ProfileViewController.swift */,
				ECD64B6B2588ED3D000EDD31 /* FetchedContacts.swift */,
				EC3B05D2254F3D8A00B49CFF /* Main.storyboard */,
				EC3B05D5254F3D8B00B49CFF /* Assets.xcassets */,
				EC3B05D7254F3D8B00B49CFF /* LaunchScreen.storyboard */,
				EC3B05DA254F3D8B00B49CFF /* Info.plist */,
				EC551139257FC10F0097772D /* Localizable.strings */,
			);
			path = "My First App";
			sourceTree = "<group>";
		};
		EC7C3FFB25B738D700150FDF /* Login */ = {
			isa = PBXGroup;
			children = (
				EC3B05D0254F3D8A00B49CFF /* Login.swift */,
				ECC9548C25AE0A58006061F1 /* LoginFieldsValidator.swift */,
				EC2A1A1825B0AD4E00A51136 /* DataStructures.swift */,
				EC7C3FFC25B7391000150FDF /* Dependencies.swift */,
			);
			path = Login;
			sourceTree = "<group>";
		};
		EC7C400025B74D1800150FDF /* ApplicationDesign */ = {
			isa = PBXGroup;
			children = (
				EC7C400425B74D9B00150FDF /* DayDesign.swift */,
				EC7C400725B74DAC00150FDF /* NightDesign.swift */,
			);
			path = ApplicationDesign;
			sourceTree = "<group>";
		};
		EC7C400A25B74EF300150FDF /* Protocols */ = {
			isa = PBXGroup;
			children = (
				EC7C400B25B74F0500150FDF /* ApplicationStyle.swift */,
				EC23390B25B9FCE900B001E4 /* EventListener.swift */,
				EC23390F25B9FD0600B001E4 /* Listener.swift */,
			);
			path = Protocols;
			sourceTree = "<group>";
		};
/* End PBXGroup section */

/* Begin PBXNativeTarget section */
		EC39F9C725C08AEF006B0304 /* My First AppTests */ = {
			isa = PBXNativeTarget;
			buildConfigurationList = EC39F9CF25C08AEF006B0304 /* Build configuration list for PBXNativeTarget "My First AppTests" */;
			buildPhases = (
				EC39F9C425C08AEF006B0304 /* Sources */,
				EC39F9C525C08AEF006B0304 /* Frameworks */,
				EC39F9C625C08AEF006B0304 /* Resources */,
			);
			buildRules = (
			);
			dependencies = (
				EC39F9CE25C08AEF006B0304 /* PBXTargetDependency */,
			);
			name = "My First AppTests";
			productName = "My First AppTests";
			productReference = EC39F9C825C08AEF006B0304 /* My First AppTests.xctest */;
			productType = "com.apple.product-type.bundle.unit-test";
		};
		EC3B05C8254F3D8A00B49CFF /* My First App */ = {
			isa = PBXNativeTarget;
			buildConfigurationList = EC3B05DD254F3D8B00B49CFF /* Build configuration list for PBXNativeTarget "My First App" */;
			buildPhases = (
				98A058E2BE7196561CA3DFB4 /* [CP] Check Pods Manifest.lock */,
				EC3B05C5254F3D8A00B49CFF /* Sources */,
				EC3B05C6254F3D8A00B49CFF /* Frameworks */,
				EC3B05C7254F3D8A00B49CFF /* Resources */,
				0DEAD66424DA7343CB091B82 /* [CP] Embed Pods Frameworks */,
			);
			buildRules = (
			);
			dependencies = (
			);
			name = "My First App";
			productName = "My First App";
			productReference = EC3B05C9254F3D8A00B49CFF /* My First App.app */;
			productType = "com.apple.product-type.application";
		};
/* End PBXNativeTarget section */

/* Begin PBXProject section */
		EC3B05C1254F3D8A00B49CFF /* Project object */ = {
			isa = PBXProject;
			attributes = {
				LastSwiftUpdateCheck = 1230;
				LastUpgradeCheck = 1200;
				TargetAttributes = {
					EC39F9C725C08AEF006B0304 = {
						CreatedOnToolsVersion = 12.3;
						TestTargetID = EC3B05C8254F3D8A00B49CFF;
					};
					EC3B05C8254F3D8A00B49CFF = {
						CreatedOnToolsVersion = 12.0;
					};
				};
			};
			buildConfigurationList = EC3B05C4254F3D8A00B49CFF /* Build configuration list for PBXProject "My First App" */;
			compatibilityVersion = "Xcode 9.3";
			developmentRegion = en;
			hasScannedForEncodings = 0;
			knownRegions = (
				en,
				Base,
				es,
			);
			mainGroup = EC3B05C0254F3D8A00B49CFF;
			productRefGroup = EC3B05CA254F3D8A00B49CFF /* Products */;
			projectDirPath = "";
			projectRoot = "";
			targets = (
				EC3B05C8254F3D8A00B49CFF /* My First App */,
				EC39F9C725C08AEF006B0304 /* My First AppTests */,
			);
		};
/* End PBXProject section */

/* Begin PBXResourcesBuildPhase section */
		EC39F9C625C08AEF006B0304 /* Resources */ = {
			isa = PBXResourcesBuildPhase;
			buildActionMask = 2147483647;
			files = (
			);
			runOnlyForDeploymentPostprocessing = 0;
		};
		EC3B05C7254F3D8A00B49CFF /* Resources */ = {
			isa = PBXResourcesBuildPhase;
			buildActionMask = 2147483647;
			files = (
				EC3B05D9254F3D8B00B49CFF /* LaunchScreen.storyboard in Resources */,
				EC55113A257FC10F0097772D /* Localizable.strings in Resources */,
				EC3B05D6254F3D8B00B49CFF /* Assets.xcassets in Resources */,
				EC3B05D4254F3D8A00B49CFF /* Main.storyboard in Resources */,
			);
			runOnlyForDeploymentPostprocessing = 0;
		};
/* End PBXResourcesBuildPhase section */

/* Begin PBXShellScriptBuildPhase section */
		0DEAD66424DA7343CB091B82 /* [CP] Embed Pods Frameworks */ = {
			isa = PBXShellScriptBuildPhase;
			buildActionMask = 2147483647;
			files = (
			);
			inputFileListPaths = (
				"${PODS_ROOT}/Target Support Files/Pods-My First App/Pods-My First App-frameworks-${CONFIGURATION}-input-files.xcfilelist",
			);
			name = "[CP] Embed Pods Frameworks";
			outputFileListPaths = (
				"${PODS_ROOT}/Target Support Files/Pods-My First App/Pods-My First App-frameworks-${CONFIGURATION}-output-files.xcfilelist",
			);
			runOnlyForDeploymentPostprocessing = 0;
			shellPath = /bin/sh;
			shellScript = "\"${PODS_ROOT}/Target Support Files/Pods-My First App/Pods-My First App-frameworks.sh\"\n";
			showEnvVarsInLog = 0;
		};
		98A058E2BE7196561CA3DFB4 /* [CP] Check Pods Manifest.lock */ = {
			isa = PBXShellScriptBuildPhase;
			buildActionMask = 2147483647;
			files = (
			);
			inputFileListPaths = (
			);
			inputPaths = (
				"${PODS_PODFILE_DIR_PATH}/Podfile.lock",
				"${PODS_ROOT}/Manifest.lock",
			);
			name = "[CP] Check Pods Manifest.lock";
			outputFileListPaths = (
			);
			outputPaths = (
				"$(DERIVED_FILE_DIR)/Pods-My First App-checkManifestLockResult.txt",
			);
			runOnlyForDeploymentPostprocessing = 0;
			shellPath = /bin/sh;
			shellScript = "diff \"${PODS_PODFILE_DIR_PATH}/Podfile.lock\" \"${PODS_ROOT}/Manifest.lock\" > /dev/null\nif [ $? != 0 ] ; then\n    # print error to STDERR\n    echo \"error: The sandbox is not in sync with the Podfile.lock. Run 'pod install' or update your CocoaPods installation.\" >&2\n    exit 1\nfi\n# This output is used by Xcode 'outputs' to avoid re-running this script phase.\necho \"SUCCESS\" > \"${SCRIPT_OUTPUT_FILE_0}\"\n";
			showEnvVarsInLog = 0;
		};
/* End PBXShellScriptBuildPhase section */

/* Begin PBXSourcesBuildPhase section */
		EC39F9C425C08AEF006B0304 /* Sources */ = {
			isa = PBXSourcesBuildPhase;
			buildActionMask = 2147483647;
			files = (
				EC39F9CB25C08AEF006B0304 /* My_First_AppTests.swift in Sources */,
			);
			runOnlyForDeploymentPostprocessing = 0;
		};
		EC3B05C5254F3D8A00B49CFF /* Sources */ = {
			isa = PBXSourcesBuildPhase;
			buildActionMask = 2147483647;
			files = (
				EC7C400825B74DAC00150FDF /* NightDesign.swift in Sources */,
				EC23390C25B9FCE900B001E4 /* EventListener.swift in Sources */,
				EC23390225B9FBF600B001E4 /* ListEventManager.swift in Sources */,
				EC3B05D1254F3D8A00B49CFF /* Login.swift in Sources */,
				EC47905C2558C311001C7AA5 /* NewsCell.swift in Sources */,
				EC3B05CD254F3D8A00B49CFF /* AppDelegate.swift in Sources */,
				EC7C3FFD25B7391000150FDF /* Dependencies.swift in Sources */,
				EC3B05CF254F3D8A00B49CFF /* SceneDelegate.swift in Sources */,
				ECD64B6C2588ED3D000EDD31 /* FetchedContacts.swift in Sources */,
				EC9309B32550ACF100AAA2E4 /* NewsViewController.swift in Sources */,
				EC9309BA2550AD1600AAA2E4 /* ProfileViewController.swift in Sources */,
				EC4790572558B238001C7AA5 /* CasesDetails.swift in Sources */,
				EC2A1A1925B0AD4E00A51136 /* DataStructures.swift in Sources */,
				EC9309B62550AD0400AAA2E4 /* CasesViewController.swift in Sources */,
				EC23390525B9FCAB00B001E4 /* LogoutListener.swift in Sources */,
				EC7C400525B74D9B00150FDF /* DayDesign.swift in Sources */,
				EC7C400C25B74F0500150FDF /* ApplicationStyle.swift in Sources */,
				ECC9548D25AE0A58006061F1 /* LoginFieldsValidator.swift in Sources */,
				EC9309AF2550A28000AAA2E4 /* TabBar.swift in Sources */,
				EC23391025B9FD0600B001E4 /* Listener.swift in Sources */,
			);
			runOnlyForDeploymentPostprocessing = 0;
		};
/* End PBXSourcesBuildPhase section */

/* Begin PBXTargetDependency section */
		EC39F9CE25C08AEF006B0304 /* PBXTargetDependency */ = {
			isa = PBXTargetDependency;
			target = EC3B05C8254F3D8A00B49CFF /* My First App */;
			targetProxy = EC39F9CD25C08AEF006B0304 /* PBXContainerItemProxy */;
		};
/* End PBXTargetDependency section */

/* Begin PBXVariantGroup section */
		EC3B05D2254F3D8A00B49CFF /* Main.storyboard */ = {
			isa = PBXVariantGroup;
			children = (
				EC3B05D3254F3D8A00B49CFF /* Base */,
				EC55113D257FC68C0097772D /* es */,
			);
			name = Main.storyboard;
			sourceTree = "<group>";
		};
		EC3B05D7254F3D8B00B49CFF /* LaunchScreen.storyboard */ = {
			isa = PBXVariantGroup;
			children = (
				EC3B05D8254F3D8B00B49CFF /* Base */,
				EC55113E257FC68C0097772D /* es */,
			);
			name = LaunchScreen.storyboard;
			sourceTree = "<group>";
		};
/* End PBXVariantGroup section */

/* Begin XCBuildConfiguration section */
		EC39F9D025C08AEF006B0304 /* Debug */ = {
			isa = XCBuildConfiguration;
			buildSettings = {
				BUNDLE_LOADER = "$(TEST_HOST)";
				CODE_SIGN_STYLE = Automatic;
				DEVELOPMENT_TEAM = ZU6Z5W2PZ4;
				INFOPLIST_FILE = "My First AppTests/Info.plist";
				IPHONEOS_DEPLOYMENT_TARGET = 14.3;
				LD_RUNPATH_SEARCH_PATHS = (
					"$(inherited)",
					"@executable_path/Frameworks",
					"@loader_path/Frameworks",
				);
				PRODUCT_BUNDLE_IDENTIFIER = "TMS.My-First-AppTests";
				PRODUCT_NAME = "$(TARGET_NAME)";
				SWIFT_VERSION = 5.0;
				TARGETED_DEVICE_FAMILY = "1,2";
				TEST_HOST = "$(BUILT_PRODUCTS_DIR)/My First App.app/My First App";
			};
			name = Debug;
		};
		EC39F9D125C08AEF006B0304 /* Release */ = {
			isa = XCBuildConfiguration;
			buildSettings = {
				BUNDLE_LOADER = "$(TEST_HOST)";
				CODE_SIGN_STYLE = Automatic;
				DEVELOPMENT_TEAM = ZU6Z5W2PZ4;
				INFOPLIST_FILE = "My First AppTests/Info.plist";
				IPHONEOS_DEPLOYMENT_TARGET = 14.3;
				LD_RUNPATH_SEARCH_PATHS = (
					"$(inherited)",
					"@executable_path/Frameworks",
					"@loader_path/Frameworks",
				);
				PRODUCT_BUNDLE_IDENTIFIER = "TMS.My-First-AppTests";
				PRODUCT_NAME = "$(TARGET_NAME)";
				SWIFT_VERSION = 5.0;
				TARGETED_DEVICE_FAMILY = "1,2";
				TEST_HOST = "$(BUILT_PRODUCTS_DIR)/My First App.app/My First App";
			};
			name = Release;
		};
		EC3B05DB254F3D8B00B49CFF /* Debug */ = {
			isa = XCBuildConfiguration;
			buildSettings = {
				ALWAYS_SEARCH_USER_PATHS = NO;
				CLANG_ANALYZER_LOCALIZABILITY_NONLOCALIZED = YES;
				CLANG_ANALYZER_NONNULL = YES;
				CLANG_ANALYZER_NUMBER_OBJECT_CONVERSION = YES_AGGRESSIVE;
				CLANG_CXX_LANGUAGE_STANDARD = "gnu++14";
				CLANG_CXX_LIBRARY = "libc++";
				CLANG_ENABLE_MODULES = YES;
				CLANG_ENABLE_OBJC_ARC = YES;
				CLANG_ENABLE_OBJC_WEAK = YES;
				CLANG_WARN_BLOCK_CAPTURE_AUTORELEASING = YES;
				CLANG_WARN_BOOL_CONVERSION = YES;
				CLANG_WARN_COMMA = YES;
				CLANG_WARN_CONSTANT_CONVERSION = YES;
				CLANG_WARN_DEPRECATED_OBJC_IMPLEMENTATIONS = YES;
				CLANG_WARN_DIRECT_OBJC_ISA_USAGE = YES_ERROR;
				CLANG_WARN_DOCUMENTATION_COMMENTS = YES;
				CLANG_WARN_EMPTY_BODY = YES;
				CLANG_WARN_ENUM_CONVERSION = YES;
				CLANG_WARN_INFINITE_RECURSION = YES;
				CLANG_WARN_INT_CONVERSION = YES;
				CLANG_WARN_NON_LITERAL_NULL_CONVERSION = YES;
				CLANG_WARN_OBJC_IMPLICIT_RETAIN_SELF = YES;
				CLANG_WARN_OBJC_LITERAL_CONVERSION = YES;
				CLANG_WARN_OBJC_ROOT_CLASS = YES_ERROR;
				CLANG_WARN_QUOTED_INCLUDE_IN_FRAMEWORK_HEADER = YES;
				CLANG_WARN_RANGE_LOOP_ANALYSIS = YES;
				CLANG_WARN_STRICT_PROTOTYPES = YES;
				CLANG_WARN_SUSPICIOUS_MOVE = YES;
				CLANG_WARN_UNGUARDED_AVAILABILITY = YES_AGGRESSIVE;
				CLANG_WARN_UNREACHABLE_CODE = YES;
				CLANG_WARN__DUPLICATE_METHOD_MATCH = YES;
				COPY_PHASE_STRIP = NO;
				DEBUG_INFORMATION_FORMAT = dwarf;
				ENABLE_STRICT_OBJC_MSGSEND = YES;
				ENABLE_TESTABILITY = YES;
				GCC_C_LANGUAGE_STANDARD = gnu11;
				GCC_DYNAMIC_NO_PIC = NO;
				GCC_NO_COMMON_BLOCKS = YES;
				GCC_OPTIMIZATION_LEVEL = 0;
				GCC_PREPROCESSOR_DEFINITIONS = (
					"DEBUG=1",
					"$(inherited)",
				);
				GCC_WARN_64_TO_32_BIT_CONVERSION = YES;
				GCC_WARN_ABOUT_RETURN_TYPE = YES_ERROR;
				GCC_WARN_UNDECLARED_SELECTOR = YES;
				GCC_WARN_UNINITIALIZED_AUTOS = YES_AGGRESSIVE;
				GCC_WARN_UNUSED_FUNCTION = YES;
				GCC_WARN_UNUSED_VARIABLE = YES;
				IPHONEOS_DEPLOYMENT_TARGET = 14.0;
				MTL_ENABLE_DEBUG_INFO = INCLUDE_SOURCE;
				MTL_FAST_MATH = YES;
				ONLY_ACTIVE_ARCH = YES;
				SDKROOT = iphoneos;
				SWIFT_ACTIVE_COMPILATION_CONDITIONS = DEBUG;
				SWIFT_OPTIMIZATION_LEVEL = "-Onone";
			};
			name = Debug;
		};
		EC3B05DC254F3D8B00B49CFF /* Release */ = {
			isa = XCBuildConfiguration;
			buildSettings = {
				ALWAYS_SEARCH_USER_PATHS = NO;
				CLANG_ANALYZER_LOCALIZABILITY_NONLOCALIZED = YES;
				CLANG_ANALYZER_NONNULL = YES;
				CLANG_ANALYZER_NUMBER_OBJECT_CONVERSION = YES_AGGRESSIVE;
				CLANG_CXX_LANGUAGE_STANDARD = "gnu++14";
				CLANG_CXX_LIBRARY = "libc++";
				CLANG_ENABLE_MODULES = YES;
				CLANG_ENABLE_OBJC_ARC = YES;
				CLANG_ENABLE_OBJC_WEAK = YES;
				CLANG_WARN_BLOCK_CAPTURE_AUTORELEASING = YES;
				CLANG_WARN_BOOL_CONVERSION = YES;
				CLANG_WARN_COMMA = YES;
				CLANG_WARN_CONSTANT_CONVERSION = YES;
				CLANG_WARN_DEPRECATED_OBJC_IMPLEMENTATIONS = YES;
				CLANG_WARN_DIRECT_OBJC_ISA_USAGE = YES_ERROR;
				CLANG_WARN_DOCUMENTATION_COMMENTS = YES;
				CLANG_WARN_EMPTY_BODY = YES;
				CLANG_WARN_ENUM_CONVERSION = YES;
				CLANG_WARN_INFINITE_RECURSION = YES;
				CLANG_WARN_INT_CONVERSION = YES;
				CLANG_WARN_NON_LITERAL_NULL_CONVERSION = YES;
				CLANG_WARN_OBJC_IMPLICIT_RETAIN_SELF = YES;
				CLANG_WARN_OBJC_LITERAL_CONVERSION = YES;
				CLANG_WARN_OBJC_ROOT_CLASS = YES_ERROR;
				CLANG_WARN_QUOTED_INCLUDE_IN_FRAMEWORK_HEADER = YES;
				CLANG_WARN_RANGE_LOOP_ANALYSIS = YES;
				CLANG_WARN_STRICT_PROTOTYPES = YES;
				CLANG_WARN_SUSPICIOUS_MOVE = YES;
				CLANG_WARN_UNGUARDED_AVAILABILITY = YES_AGGRESSIVE;
				CLANG_WARN_UNREACHABLE_CODE = YES;
				CLANG_WARN__DUPLICATE_METHOD_MATCH = YES;
				COPY_PHASE_STRIP = NO;
				DEBUG_INFORMATION_FORMAT = "dwarf-with-dsym";
				ENABLE_NS_ASSERTIONS = NO;
				ENABLE_STRICT_OBJC_MSGSEND = YES;
				GCC_C_LANGUAGE_STANDARD = gnu11;
				GCC_NO_COMMON_BLOCKS = YES;
				GCC_WARN_64_TO_32_BIT_CONVERSION = YES;
				GCC_WARN_ABOUT_RETURN_TYPE = YES_ERROR;
				GCC_WARN_UNDECLARED_SELECTOR = YES;
				GCC_WARN_UNINITIALIZED_AUTOS = YES_AGGRESSIVE;
				GCC_WARN_UNUSED_FUNCTION = YES;
				GCC_WARN_UNUSED_VARIABLE = YES;
				IPHONEOS_DEPLOYMENT_TARGET = 14.0;
				MTL_ENABLE_DEBUG_INFO = NO;
				MTL_FAST_MATH = YES;
				SDKROOT = iphoneos;
				SWIFT_COMPILATION_MODE = wholemodule;
				SWIFT_OPTIMIZATION_LEVEL = "-O";
				VALIDATE_PRODUCT = YES;
			};
			name = Release;
		};
		EC3B05DE254F3D8B00B49CFF /* Debug */ = {
			isa = XCBuildConfiguration;
			baseConfigurationReference = EB2C94F919226480DAF903B5 /* Pods-My First App.debug.xcconfig */;
			buildSettings = {
				ASSETCATALOG_COMPILER_APPICON_NAME = AppIcon;
				ASSETCATALOG_COMPILER_GLOBAL_ACCENT_COLOR_NAME = AccentColor;
				CODE_SIGN_STYLE = Automatic;
				DEVELOPMENT_TEAM = ZU6Z5W2PZ4;
				INFOPLIST_FILE = "My First App/Info.plist";
				LD_RUNPATH_SEARCH_PATHS = (
					"$(inherited)",
					"@executable_path/Frameworks",
				);
				PRODUCT_BUNDLE_IDENTIFIER = "TMS.My-First-App";
				PRODUCT_NAME = "$(TARGET_NAME)";
				SWIFT_VERSION = 5.0;
				TARGETED_DEVICE_FAMILY = "1,2";
			};
			name = Debug;
		};
		EC3B05DF254F3D8B00B49CFF /* Release */ = {
			isa = XCBuildConfiguration;
			baseConfigurationReference = C36FCC8CF389BBDE71E96974 /* Pods-My First App.release.xcconfig */;
			buildSettings = {
				ASSETCATALOG_COMPILER_APPICON_NAME = AppIcon;
				ASSETCATALOG_COMPILER_GLOBAL_ACCENT_COLOR_NAME = AccentColor;
				CODE_SIGN_STYLE = Automatic;
				DEVELOPMENT_TEAM = ZU6Z5W2PZ4;
				INFOPLIST_FILE = "My First App/Info.plist";
				LD_RUNPATH_SEARCH_PATHS = (
					"$(inherited)",
					"@executable_path/Frameworks",
				);
				PRODUCT_BUNDLE_IDENTIFIER = "TMS.My-First-App";
				PRODUCT_NAME = "$(TARGET_NAME)";
				SWIFT_VERSION = 5.0;
				TARGETED_DEVICE_FAMILY = "1,2";
			};
			name = Release;
		};
/* End XCBuildConfiguration section */

/* Begin XCConfigurationList section */
		EC39F9CF25C08AEF006B0304 /* Build configuration list for PBXNativeTarget "My First AppTests" */ = {
			isa = XCConfigurationList;
			buildConfigurations = (
				EC39F9D025C08AEF006B0304 /* Debug */,
				EC39F9D125C08AEF006B0304 /* Release */,
			);
			defaultConfigurationIsVisible = 0;
			defaultConfigurationName = Release;
		};
		EC3B05C4254F3D8A00B49CFF /* Build configuration list for PBXProject "My First App" */ = {
			isa = XCConfigurationList;
			buildConfigurations = (
				EC3B05DB254F3D8B00B49CFF /* Debug */,
				EC3B05DC254F3D8B00B49CFF /* Release */,
			);
			defaultConfigurationIsVisible = 0;
			defaultConfigurationName = Release;
		};
		EC3B05DD254F3D8B00B49CFF /* Build configuration list for PBXNativeTarget "My First App" */ = {
			isa = XCConfigurationList;
			buildConfigurations = (
				EC3B05DE254F3D8B00B49CFF /* Debug */,
				EC3B05DF254F3D8B00B49CFF /* Release */,
			);
			defaultConfigurationIsVisible = 0;
			defaultConfigurationName = Release;
		};
/* End XCConfigurationList section */
	};
	rootObject = EC3B05C1254F3D8A00B49CFF /* Project object */;
}
